
Microsoft Visual Studio Solution File, Format Version 12.00
# Visual Studio Version 17
VisualStudioVersion = 17.14.36429.23
MinimumVisualStudioVersion = 10.0.40219.1
Project("{FAE04EC0-301F-11D3-BF4B-00C04F79EFBC}") = "Project_doan", "Project_doan\Project_doan.csproj", "{47BE20DF-0C2D-4D75-AC8A-D7C4DB84E5F3}"
EndProject
Global
	GlobalSection(SolutionConfigurationPlatforms) = preSolution
		Debug|Any CPU = Debug|Any CPU
		Release|Any CPU = Release|Any CPU
	EndGlobalSection
	GlobalSection(ProjectConfigurationPlatforms) = postSolution
		{47BE20DF-0C2D-4D75-AC8A-D7C4DB84E5F3}.Debug|Any CPU.ActiveCfg = Debug|Any CPU
		{47BE20DF-0C2D-4D75-AC8A-D7C4DB84E5F3}.Debug|Any CPU.Build.0 = Debug|Any CPU
		{47BE20DF-0C2D-4D75-AC8A-D7C4DB84E5F3}.Release|Any CPU.ActiveCfg = Release|Any CPU
		{47BE20DF-0C2D-4D75-AC8A-D7C4DB84E5F3}.Release|Any CPU.Build.0 = Release|Any CPU
	EndGlobalSection
	GlobalSection(SolutionProperties) = preSolution
		HideSolutionNode = FALSE
	EndGlobalSection
	GlobalSection(ExtensibilityGlobals) = postSolution
		SolutionGuid = {142BAF30-2973-48CA-A475-1C520C3BF1CC}
	EndGlobalSection
EndGlobal
